
Microsoft Visual Studio Solution File, Format Version 12.00
# Visual Studio 15
VisualStudioVersion = 15.0.27004.2010
MinimumVisualStudioVersion = 10.0.40219.1
Project("{9A19103F-16F7-4668-BE54-9A1E7A4F7556}") = "Xmu.Crms.Shared", "Xmu.Crms.Shared\Xmu.Crms.Shared.csproj", "{07324719-26A7-4BF9-AA20-415971000320}"
EndProject
Project("{9A19103F-16F7-4668-BE54-9A1E7A4F7556}") = "Xmu.Crms.Group1_7", "Xmu.Crms.Group1_7\Xmu.Crms.Group1_7.csproj", "{97C84148-8AE5-49F7-9C43-68F1B9D1329D}"
EndProject
Project("{9A19103F-16F7-4668-BE54-9A1E7A4F7556}") = "Xmu.Crms.Services.Group1_7", "Xmu.Crms.Services.Group1_7\Xmu.Crms.Services.Group1_7.csproj", "{AFAA1FE1-5217-4C69-A523-3AF750836C6A}"
EndProject
Project("{9A19103F-16F7-4668-BE54-9A1E7A4F7556}") = "Xmu.Crms.Mobile.Group1_7", "Xmu.Crms.Mobile.Group1_7\Xmu.Crms.Mobile.Group1_7.csproj", "{E2D0BBDB-0EC3-4A5A-877F-D5258D99363C}"
EndProject
Project("{9A19103F-16F7-4668-BE54-9A1E7A4F7556}") = "Xmu.Crms.Services.SmartFive", "Xmu.Crms.Services.SmartFive\Xmu.Crms.Services.SmartFive.csproj", "{44B447B9-C8AE-410C-87AC-29DC41782241}"
EndProject
Project("{9A19103F-16F7-4668-BE54-9A1E7A4F7556}") = "Xmu.Crms.Services.Group2_10", "Xmu.Crms.Services.Group2_10\Xmu.Crms.Services.Group2_10.csproj", "{DCD3DC6B-B6E8-4912-A7DA-FDDAE7425DC2}"
EndProject
Project("{9A19103F-16F7-4668-BE54-9A1E7A4F7556}") = "Xmu.Crms.Services.HotPot", "Xmu.Crms.Services.HotPot\Xmu.Crms.Services.HotPot.csproj", "{A1AA67CB-53B5-4B78-90CD-AD5644FF9E0B}"
EndProject
Global
	GlobalSection(SolutionConfigurationPlatforms) = preSolution
		Debug|Any CPU = Debug|Any CPU
		Release|Any CPU = Release|Any CPU
	EndGlobalSection
	GlobalSection(ProjectConfigurationPlatforms) = postSolution
		{07324719-26A7-4BF9-AA20-415971000320}.Debug|Any CPU.ActiveCfg = Debug|Any CPU
		{07324719-26A7-4BF9-AA20-415971000320}.Debug|Any CPU.Build.0 = Debug|Any CPU
		{07324719-26A7-4BF9-AA20-415971000320}.Release|Any CPU.ActiveCfg = Release|Any CPU
		{07324719-26A7-4BF9-AA20-415971000320}.Release|Any CPU.Build.0 = Release|Any CPU
		{97C84148-8AE5-49F7-9C43-68F1B9D1329D}.Debug|Any CPU.ActiveCfg = Debug|Any CPU
		{97C84148-8AE5-49F7-9C43-68F1B9D1329D}.Debug|Any CPU.Build.0 = Debug|Any CPU
		{97C84148-8AE5-49F7-9C43-68F1B9D1329D}.Release|Any CPU.ActiveCfg = Release|Any CPU
		{97C84148-8AE5-49F7-9C43-68F1B9D1329D}.Release|Any CPU.Build.0 = Release|Any CPU
		{AFAA1FE1-5217-4C69-A523-3AF750836C6A}.Debug|Any CPU.ActiveCfg = Debug|Any CPU
		{AFAA1FE1-5217-4C69-A523-3AF750836C6A}.Debug|Any CPU.Build.0 = Debug|Any CPU
		{AFAA1FE1-5217-4C69-A523-3AF750836C6A}.Release|Any CPU.ActiveCfg = Release|Any CPU
		{AFAA1FE1-5217-4C69-A523-3AF750836C6A}.Release|Any CPU.Build.0 = Release|Any CPU
		{E2D0BBDB-0EC3-4A5A-877F-D5258D99363C}.Debug|Any CPU.ActiveCfg = Debug|Any CPU
		{E2D0BBDB-0EC3-4A5A-877F-D5258D99363C}.Debug|Any CPU.Build.0 = Debug|Any CPU
		{E2D0BBDB-0EC3-4A5A-877F-D5258D99363C}.Release|Any CPU.ActiveCfg = Release|Any CPU
		{E2D0BBDB-0EC3-4A5A-877F-D5258D99363C}.Release|Any CPU.Build.0 = Release|Any CPU
		{44B447B9-C8AE-410C-87AC-29DC41782241}.Debug|Any CPU.ActiveCfg = Debug|Any CPU
		{44B447B9-C8AE-410C-87AC-29DC41782241}.Debug|Any CPU.Build.0 = Debug|Any CPU
		{44B447B9-C8AE-410C-87AC-29DC41782241}.Release|Any CPU.ActiveCfg = Release|Any CPU
		{44B447B9-C8AE-410C-87AC-29DC41782241}.Release|Any CPU.Build.0 = Release|Any CPU
		{DCD3DC6B-B6E8-4912-A7DA-FDDAE7425DC2}.Debug|Any CPU.ActiveCfg = Debug|Any CPU
		{DCD3DC6B-B6E8-4912-A7DA-FDDAE7425DC2}.Debug|Any CPU.Build.0 = Debug|Any CPU
		{DCD3DC6B-B6E8-4912-A7DA-FDDAE7425DC2}.Release|Any CPU.ActiveCfg = Release|Any CPU
		{DCD3DC6B-B6E8-4912-A7DA-FDDAE7425DC2}.Release|Any CPU.Build.0 = Release|Any CPU
		{A1AA67CB-53B5-4B78-90CD-AD5644FF9E0B}.Debug|Any CPU.ActiveCfg = Debug|Any CPU
		{A1AA67CB-53B5-4B78-90CD-AD5644FF9E0B}.Debug|Any CPU.Build.0 = Debug|Any CPU
		{A1AA67CB-53B5-4B78-90CD-AD5644FF9E0B}.Release|Any CPU.ActiveCfg = Release|Any CPU
		{A1AA67CB-53B5-4B78-90CD-AD5644FF9E0B}.Release|Any CPU.Build.0 = Release|Any CPU
	EndGlobalSection
	GlobalSection(SolutionProperties) = preSolution
		HideSolutionNode = FALSE
	EndGlobalSection
	GlobalSection(ExtensibilityGlobals) = postSolution
		SolutionGuid = {0726BBED-4C62-4749-8A9D-596214067AA1}
	EndGlobalSection
EndGlobal
